
Microsoft Visual Studio Solution File, Format Version 12.00
# Visual Studio Version 17
VisualStudioVersion = 17.9.34714.143
MinimumVisualStudioVersion = 10.0.40219.1
Project("{FAE04EC0-301F-11D3-BF4B-00C04F79EFBC}") = "Login", "Login\Login.csproj", "{D775534A-273A-4483-8D4C-F840859733F2}"
EndProject
Project("{FAE04EC0-301F-11D3-BF4B-00C04F79EFBC}") = "Readinghistory", "Readinghistory\Readinghistory.csproj", "{53DC14C2-7D93-4AB2-AC72-3756D0305C55}"
EndProject
Project("{FAE04EC0-301F-11D3-BF4B-00C04F79EFBC}") = "Album_truyen", "Album_truyen\Album_truyen.csproj", "{0E84D0E9-0986-40D2-819B-09C5E9F660EB}"
EndProject
Global
	GlobalSection(SolutionConfigurationPlatforms) = preSolution
		Debug|Any CPU = Debug|Any CPU
		Release|Any CPU = Release|Any CPU
	EndGlobalSection
	GlobalSection(ProjectConfigurationPlatforms) = postSolution
		{D775534A-273A-4483-8D4C-F840859733F2}.Debug|Any CPU.ActiveCfg = Debug|Any CPU
		{D775534A-273A-4483-8D4C-F840859733F2}.Debug|Any CPU.Build.0 = Debug|Any CPU
		{D775534A-273A-4483-8D4C-F840859733F2}.Release|Any CPU.ActiveCfg = Release|Any CPU
		{D775534A-273A-4483-8D4C-F840859733F2}.Release|Any CPU.Build.0 = Release|Any CPU
		{53DC14C2-7D93-4AB2-AC72-3756D0305C55}.Debug|Any CPU.ActiveCfg = Debug|Any CPU
		{53DC14C2-7D93-4AB2-AC72-3756D0305C55}.Debug|Any CPU.Build.0 = Debug|Any CPU
		{53DC14C2-7D93-4AB2-AC72-3756D0305C55}.Release|Any CPU.ActiveCfg = Release|Any CPU
		{53DC14C2-7D93-4AB2-AC72-3756D0305C55}.Release|Any CPU.Build.0 = Release|Any CPU
		{0E84D0E9-0986-40D2-819B-09C5E9F660EB}.Debug|Any CPU.ActiveCfg = Debug|Any CPU
		{0E84D0E9-0986-40D2-819B-09C5E9F660EB}.Debug|Any CPU.Build.0 = Debug|Any CPU
		{0E84D0E9-0986-40D2-819B-09C5E9F660EB}.Release|Any CPU.ActiveCfg = Release|Any CPU
		{0E84D0E9-0986-40D2-819B-09C5E9F660EB}.Release|Any CPU.Build.0 = Release|Any CPU
	EndGlobalSection
	GlobalSection(SolutionProperties) = preSolution
		HideSolutionNode = FALSE
	EndGlobalSection
	GlobalSection(ExtensibilityGlobals) = postSolution
		SolutionGuid = {64E85D01-6F9B-41B9-8C1D-4726430E9F7A}
	EndGlobalSection
EndGlobal
